# This file was autogenerated by Stack.
# You should not edit this file by hand.
# For more information, please see the documentation at:
#   https://docs.haskellstack.org/en/stable/lock_files

packages:
- completed:
    pantry-tree:
      sha256: fab8f83aedcf91df44a72bbce20eff583c5926de1c0406c6d43bf9550ed5b9d5
      size: 1706
    hackage: ldap-client-0.4.2@sha256:2ddd8e7aa2dcbe9444775224e12abf4c42e0133b4d2d6b0d1324c4bd7d4169ca,2225
  original:
    hackage: ldap-client-0.4.2@sha256:2ddd8e7aa2dcbe9444775224e12abf4c42e0133b4d2d6b0d1324c4bd7d4169ca,2225
snapshots:
- completed:
    sha256: 692668712aa3a6638401ce921cd043f5f9a8b018af9ba13ae350871196b047d6
    size: 619152
    url: https://raw.githubusercontent.com/commercialhaskell/stackage-snapshots/master/lts/19/11.yaml
  original:
    url: https://raw.githubusercontent.com/commercialhaskell/stackage-snapshots/master/lts/19/11.yaml
